
Microsoft Visual Studio Solution File, Format Version 12.00
# Visual Studio Version 17
VisualStudioVersion = 17.6.33723.286
MinimumVisualStudioVersion = 10.0.40219.1
Project("{FAE04EC0-301F-11D3-BF4B-00C04F79EFBC}") = "GUItest", "GUItest\GUItest.csproj", "{8702BB31-E05A-487B-A9E5-3DB9F4450292}"
EndProject
Global
	GlobalSection(SolutionConfigurationPlatforms) = preSolution
		Debug|Any CPU = Debug|Any CPU
		Release|Any CPU = Release|Any CPU
	EndGlobalSection
	GlobalSection(ProjectConfigurationPlatforms) = postSolution
		{8702BB31-E05A-487B-A9E5-3DB9F4450292}.Debug|Any CPU.ActiveCfg = Debug|Any CPU
		{8702BB31-E05A-487B-A9E5-3DB9F4450292}.Debug|Any CPU.Build.0 = Debug|Any CPU
		{8702BB31-E05A-487B-A9E5-3DB9F4450292}.Release|Any CPU.ActiveCfg = Release|Any CPU
		{8702BB31-E05A-487B-A9E5-3DB9F4450292}.Release|Any CPU.Build.0 = Release|Any CPU
	EndGlobalSection
	GlobalSection(SolutionProperties) = preSolution
		HideSolutionNode = FALSE
	EndGlobalSection
	GlobalSection(ExtensibilityGlobals) = postSolution
		SolutionGuid = {341FA076-8C2B-46ED-9391-A510E426E9A2}
	EndGlobalSection
EndGlobal
