
Microsoft Visual Studio Solution File, Format Version 12.00
# Visual Studio Version 17
VisualStudioVersion = 17.6.33723.286
MinimumVisualStudioVersion = 10.0.40219.1
Project("{8BC9CEB8-8B4A-11D0-8D11-00A0C91BC942}") = "storage_classes", "storage_classes\storage_classes.vcxproj", "{A414520C-5115-4F0E-B541-F2E21680508C}"
EndProject
Global
	GlobalSection(SolutionConfigurationPlatforms) = preSolution
		Debug|x64 = Debug|x64
		Debug|x86 = Debug|x86
		Release|x64 = Release|x64
		Release|x86 = Release|x86
	EndGlobalSection
	GlobalSection(ProjectConfigurationPlatforms) = postSolution
		{A414520C-5115-4F0E-B541-F2E21680508C}.Debug|x64.ActiveCfg = Debug|x64
		{A414520C-5115-4F0E-B541-F2E21680508C}.Debug|x64.Build.0 = Debug|x64
		{A414520C-5115-4F0E-B541-F2E21680508C}.Debug|x86.ActiveCfg = Debug|Win32
		{A414520C-5115-4F0E-B541-F2E21680508C}.Debug|x86.Build.0 = Debug|Win32
		{A414520C-5115-4F0E-B541-F2E21680508C}.Release|x64.ActiveCfg = Release|x64
		{A414520C-5115-4F0E-B541-F2E21680508C}.Release|x64.Build.0 = Release|x64
		{A414520C-5115-4F0E-B541-F2E21680508C}.Release|x86.ActiveCfg = Release|Win32
		{A414520C-5115-4F0E-B541-F2E21680508C}.Release|x86.Build.0 = Release|Win32
	EndGlobalSection
	GlobalSection(SolutionProperties) = preSolution
		HideSolutionNode = FALSE
	EndGlobalSection
	GlobalSection(ExtensibilityGlobals) = postSolution
		SolutionGuid = {B34015E2-3038-45A0-AFEC-1347C1105F1A}
	EndGlobalSection
EndGlobal
